
Microsoft Visual Studio Solution File, Format Version 12.00
# Visual Studio Version 17
VisualStudioVersion = 17.9.34622.214
MinimumVisualStudioVersion = 10.0.40219.1
Project("{FAE04EC0-301F-11D3-BF4B-00C04F79EFBC}") = "Budgeting App", "Budgeting App\Budgeting App.csproj", "{3D49CE55-3292-440C-ACE7-8158DCF424C0}"
EndProject
Global
	GlobalSection(SolutionConfigurationPlatforms) = preSolution
		Debug|Any CPU = Debug|Any CPU
		Release|Any CPU = Release|Any CPU
	EndGlobalSection
	GlobalSection(ProjectConfigurationPlatforms) = postSolution
		{3D49CE55-3292-440C-ACE7-8158DCF424C0}.Debug|Any CPU.ActiveCfg = Debug|Any CPU
		{3D49CE55-3292-440C-ACE7-8158DCF424C0}.Debug|Any CPU.Build.0 = Debug|Any CPU
		{3D49CE55-3292-440C-ACE7-8158DCF424C0}.Release|Any CPU.ActiveCfg = Release|Any CPU
		{3D49CE55-3292-440C-ACE7-8158DCF424C0}.Release|Any CPU.Build.0 = Release|Any CPU
	EndGlobalSection
	GlobalSection(SolutionProperties) = preSolution
		HideSolutionNode = FALSE
	EndGlobalSection
	GlobalSection(ExtensibilityGlobals) = postSolution
		SolutionGuid = {76E89EDA-5272-4636-9596-EC08CF66988E}
	EndGlobalSection
EndGlobal
